
Microsoft Visual Studio Solution File, Format Version 12.00
# Visual Studio 14
VisualStudioVersion = 14.0.24720.0
MinimumVisualStudioVersion = 10.0.40219.1
Project("{FAE04EC0-301F-11D3-BF4B-00C04F79EFBC}") = "PhoneDictionaryLab", "PhoneDictionaryLab\PhoneDictionaryLab.csproj", "{F653CF3B-145E-4969-8FFE-6C8849ED7217}"
EndProject
Global
	GlobalSection(SolutionConfigurationPlatforms) = preSolution
		Debug|Any CPU = Debug|Any CPU
		Release|Any CPU = Release|Any CPU
	EndGlobalSection
	GlobalSection(ProjectConfigurationPlatforms) = postSolution
		{F653CF3B-145E-4969-8FFE-6C8849ED7217}.Debug|Any CPU.ActiveCfg = Debug|Any CPU
		{F653CF3B-145E-4969-8FFE-6C8849ED7217}.Debug|Any CPU.Build.0 = Debug|Any CPU
		{F653CF3B-145E-4969-8FFE-6C8849ED7217}.Release|Any CPU.ActiveCfg = Release|Any CPU
		{F653CF3B-145E-4969-8FFE-6C8849ED7217}.Release|Any CPU.Build.0 = Release|Any CPU
	EndGlobalSection
	GlobalSection(SolutionProperties) = preSolution
		HideSolutionNode = FALSE
	EndGlobalSection
EndGlobal
